{
  "name": "elasticode",
  "version": "1.0.0",
  "lockfileVersion": 3,
  "requires": true,
  "packages": {
    "": {
      "name": "elasticode",
      "version": "1.0.0",
      "license": "MIT",
      "devDependencies": {
        "nswag": "^14.0.3"
      }
    },
    "node_modules/nswag": {
      "version": "14.0.3",
      "resolved": "https://registry.npmjs.org/nswag/-/nswag-14.0.3.tgz",
      "integrity": "sha512-kAoGc4lZLgL8UiV+9Vb8tXgXuC6vK5K6VdYICdbiElzdiyiFuE+X3NhCgk31nl/2KsmV2kq6VA9d8b7TFB/acw==",
      "dev": true,
      "bin": {
        "nswag": "bin/nswag.js"
      },
      "engines": {
        "npm": ">=3.10.8"
      }
    }
  }
}
