
Microsoft Visual Studio Solution File, Format Version 12.00
# Visual Studio Version 17
VisualStudioVersion = 17.5.002.0
MinimumVisualStudioVersion = 10.0.40219.1
Project("{9A19103F-16F7-4668-BE54-9A1E7A4F7556}") = "Elasticode", "Elasticode.Old\Elasticode.csproj", "{90166087-44FD-4AB0-8D0A-7B1DF9CFC3B0}"
EndProject
Project("{2150E333-8FDC-42A3-9474-1A3956D46DE8}") = "Elasticode (1)", "Elasticode", "{3C091161-5576-417B-8445-CF353759BBDE}"
EndProject
Project("{9A19103F-16F7-4668-BE54-9A1E7A4F7556}") = "Elasticode", "Elasticode\Elasticode\Elasticode.csproj", "{D8356148-7683-4CFE-9A63-4E6DFD3F6CAA}"
EndProject
Project("{9A19103F-16F7-4668-BE54-9A1E7A4F7556}") = "Elasticode.Client", "Elasticode\Elasticode.Client\Elasticode.Client.csproj", "{A1CA4814-0437-4117-B223-621CA931FFF2}"
EndProject
Global
	GlobalSection(SolutionConfigurationPlatforms) = preSolution
		Debug|Any CPU = Debug|Any CPU
		Release|Any CPU = Release|Any CPU
	EndGlobalSection
	GlobalSection(ProjectConfigurationPlatforms) = postSolution
		{90166087-44FD-4AB0-8D0A-7B1DF9CFC3B0}.Debug|Any CPU.ActiveCfg = Debug|Any CPU
		{90166087-44FD-4AB0-8D0A-7B1DF9CFC3B0}.Debug|Any CPU.Build.0 = Debug|Any CPU
		{90166087-44FD-4AB0-8D0A-7B1DF9CFC3B0}.Release|Any CPU.ActiveCfg = Release|Any CPU
		{90166087-44FD-4AB0-8D0A-7B1DF9CFC3B0}.Release|Any CPU.Build.0 = Release|Any CPU
		{D8356148-7683-4CFE-9A63-4E6DFD3F6CAA}.Debug|Any CPU.ActiveCfg = Debug|Any CPU
		{D8356148-7683-4CFE-9A63-4E6DFD3F6CAA}.Debug|Any CPU.Build.0 = Debug|Any CPU
		{D8356148-7683-4CFE-9A63-4E6DFD3F6CAA}.Release|Any CPU.ActiveCfg = Release|Any CPU
		{D8356148-7683-4CFE-9A63-4E6DFD3F6CAA}.Release|Any CPU.Build.0 = Release|Any CPU
		{A1CA4814-0437-4117-B223-621CA931FFF2}.Debug|Any CPU.ActiveCfg = Debug|Any CPU
		{A1CA4814-0437-4117-B223-621CA931FFF2}.Debug|Any CPU.Build.0 = Debug|Any CPU
		{A1CA4814-0437-4117-B223-621CA931FFF2}.Release|Any CPU.ActiveCfg = Release|Any CPU
		{A1CA4814-0437-4117-B223-621CA931FFF2}.Release|Any CPU.Build.0 = Release|Any CPU
	EndGlobalSection
	GlobalSection(SolutionProperties) = preSolution
		HideSolutionNode = FALSE
	EndGlobalSection
	GlobalSection(NestedProjects) = preSolution
		{D8356148-7683-4CFE-9A63-4E6DFD3F6CAA} = {3C091161-5576-417B-8445-CF353759BBDE}
		{A1CA4814-0437-4117-B223-621CA931FFF2} = {3C091161-5576-417B-8445-CF353759BBDE}
	EndGlobalSection
	GlobalSection(ExtensibilityGlobals) = postSolution
		SolutionGuid = {04F5C3BD-1763-454D-ACF4-853A5FAC5766}
	EndGlobalSection
EndGlobal
